{
  "name": "@dxyl/canvas",
  "version": "1.0.0",
  "lockfileVersion": 3,
  "requires": true,
  "packages": {
    "": {
      "name": "@dxyl/canvas",
      "version": "1.0.0",
      "license": "MIT",
      "devDependencies": {
        "canvaskit-wasm": "^0.40.0",
        "lil-gui": "^0.21.0"
      }
    },
    "node_modules/@webgpu/types": {
      "version": "0.1.21",
      "resolved": "https://registry.npmjs.org/@webgpu/types/-/types-0.1.21.tgz",
      "integrity": "sha512-pUrWq3V5PiSGFLeLxoGqReTZmiiXwY3jRkIG5sLLKjyqNxrwm/04b4nw7LSmGWJcKk59XOM/YRTUwOzo4MMlow==",
      "dev": true,
      "license": "BSD-3-Clause"
    },
    "node_modules/canvaskit-wasm": {
      "version": "0.40.0",
      "resolved": "https://registry.npmjs.org/canvaskit-wasm/-/canvaskit-wasm-0.40.0.tgz",
      "integrity": "sha512-Od2o+ZmoEw9PBdN/yCGvzfu0WVqlufBPEWNG452wY7E9aT8RBE+ChpZF526doOlg7zumO4iCS+RAeht4P0Gbpw==",
      "dev": true,
      "license": "BSD-3-Clause",
      "dependencies": {
        "@webgpu/types": "0.1.21"
      }
    },
    "node_modules/lil-gui": {
      "version": "0.21.0",
      "resolved": "https://registry.npmjs.org/lil-gui/-/lil-gui-0.21.0.tgz",
      "integrity": "sha512-tpvxN7v1GvE/Tv+GRopfOp0W7fVEjF4PltkuX8vOCIfim22rD1ztvfkoEMcv9lzQeuNUSeIrUmUjBwmlW/oUew==",
      "dev": true,
      "license": "MIT"
    }
  }
}
